{
  "name": "fritz-capture",
  "version": "1.0.0",
  "lockfileVersion": 1,
  "requires": true,
  "dependencies": {
    "@js-joda/core": {
      "version": "1.11.0",
      "resolved": "https://registry.npmjs.org/@js-joda/core/-/core-1.11.0.tgz",
      "integrity": "sha512-GsqC3c/z21VjsfqXChWkwXxVaPbVZ4pRzXTJTomrITo8snEWN05Mv4CwCXjabA9j9CS7T+yxBv3vXpp/DabGEw=="
    }
  }
}
